
Microsoft Visual Studio Solution File, Format Version 12.00
# Visual Studio Version 17
VisualStudioVersion = 17.11.35312.102
MinimumVisualStudioVersion = 10.0.40219.1
Project("{FAE04EC0-301F-11D3-BF4B-00C04F79EFBC}") = "College Room Access Control System", "College Room Access Control System\College Room Access Control System.csproj", "{36DAD1E5-6F0B-4C24-BAFE-AF9FDAEB96E2}"
EndProject
Project("{FAE04EC0-301F-11D3-BF4B-00C04F79EFBC}") = "RoomAccessControl.Tests", "..\RoomAccessControl.Tests\RoomAccessControl.Tests.csproj", "{D62FFE9D-375A-43DB-AF18-5FC0FCC0792B}"
EndProject
Project("{FAE04EC0-301F-11D3-BF4B-00C04F79EFBC}") = "Form1", "College Room Access Control System\Form1.csproj", "{0BDE2729-4830-436C-8102-0F7CF61BD141}"
EndProject
Global
	GlobalSection(SolutionConfigurationPlatforms) = preSolution
		Debug|Any CPU = Debug|Any CPU
		Release|Any CPU = Release|Any CPU
	EndGlobalSection
	GlobalSection(ProjectConfigurationPlatforms) = postSolution
		{36DAD1E5-6F0B-4C24-BAFE-AF9FDAEB96E2}.Debug|Any CPU.ActiveCfg = Debug|Any CPU
		{36DAD1E5-6F0B-4C24-BAFE-AF9FDAEB96E2}.Debug|Any CPU.Build.0 = Debug|Any CPU
		{36DAD1E5-6F0B-4C24-BAFE-AF9FDAEB96E2}.Release|Any CPU.ActiveCfg = Release|Any CPU
		{36DAD1E5-6F0B-4C24-BAFE-AF9FDAEB96E2}.Release|Any CPU.Build.0 = Release|Any CPU
		{D62FFE9D-375A-43DB-AF18-5FC0FCC0792B}.Debug|Any CPU.ActiveCfg = Debug|Any CPU
		{D62FFE9D-375A-43DB-AF18-5FC0FCC0792B}.Debug|Any CPU.Build.0 = Debug|Any CPU
		{D62FFE9D-375A-43DB-AF18-5FC0FCC0792B}.Release|Any CPU.ActiveCfg = Release|Any CPU
		{D62FFE9D-375A-43DB-AF18-5FC0FCC0792B}.Release|Any CPU.Build.0 = Release|Any CPU
		{0BDE2729-4830-436C-8102-0F7CF61BD141}.Debug|Any CPU.ActiveCfg = Debug|Any CPU
		{0BDE2729-4830-436C-8102-0F7CF61BD141}.Debug|Any CPU.Build.0 = Debug|Any CPU
		{0BDE2729-4830-436C-8102-0F7CF61BD141}.Release|Any CPU.ActiveCfg = Release|Any CPU
		{0BDE2729-4830-436C-8102-0F7CF61BD141}.Release|Any CPU.Build.0 = Release|Any CPU
	EndGlobalSection
	GlobalSection(SolutionProperties) = preSolution
		HideSolutionNode = FALSE
	EndGlobalSection
	GlobalSection(ExtensibilityGlobals) = postSolution
		SolutionGuid = {A1293D7A-8EE7-4E8D-8DD0-90373F40360C}
	EndGlobalSection
EndGlobal
